{
  "lock_version": 1,
  "configuration_sha256": "a4a4314665f33e82b8de5df05892185f65c9cd2ed226b57b98b6c9131e3d57f1",
  "profiles": {
    "bitwild_profile": {
      "source": "https://github.com/btwld/wayfinder",
      "requested_ref": "main",
      "resolved_commit": "323d1bd2214750d2dbd67ddee9f50531f079e021",
      "path": "profile",
      "profile_release": "2026.3"
    }
  }
}
